
Microsoft Visual Studio Solution File, Format Version 12.00
# Visual Studio Version 17
VisualStudioVersion = 17.9.34723.18
MinimumVisualStudioVersion = 10.0.40219.1
Project("{FAE04EC0-301F-11D3-BF4B-00C04F79EFBC}") = "pdfsplit", "pdfsplit.csproj", "{9AF92910-58C4-43DD-911B-8F67516A7073}"
EndProject
Global
	GlobalSection(SolutionConfigurationPlatforms) = preSolution
		Debug|Any CPU = Debug|Any CPU
		Release|Any CPU = Release|Any CPU
	EndGlobalSection
	GlobalSection(ProjectConfigurationPlatforms) = postSolution
		{9AF92910-58C4-43DD-911B-8F67516A7073}.Debug|Any CPU.ActiveCfg = Debug|Any CPU
		{9AF92910-58C4-43DD-911B-8F67516A7073}.Debug|Any CPU.Build.0 = Debug|Any CPU
		{9AF92910-58C4-43DD-911B-8F67516A7073}.Release|Any CPU.ActiveCfg = Release|Any CPU
		{9AF92910-58C4-43DD-911B-8F67516A7073}.Release|Any CPU.Build.0 = Release|Any CPU
	EndGlobalSection
	GlobalSection(SolutionProperties) = preSolution
		HideSolutionNode = FALSE
	EndGlobalSection
	GlobalSection(ExtensibilityGlobals) = postSolution
		SolutionGuid = {96F3F6D9-DA12-4487-A53E-0B34ED69A66E}
	EndGlobalSection
EndGlobal
